
Microsoft Visual Studio Solution File, Format Version 12.00
# Visual Studio Version 16
VisualStudioVersion = 16.0.32106.194
MinimumVisualStudioVersion = 10.0.40219.1
Project("{FAE04EC0-301F-11D3-BF4B-00C04F79EFBC}") = "cv08", "cv08.csproj", "{D0827552-1D66-47B9-8CF2-60DC0F7E7477}"
EndProject
Global
	GlobalSection(SolutionConfigurationPlatforms) = preSolution
		Debug|Any CPU = Debug|Any CPU
		Release|Any CPU = Release|Any CPU
	EndGlobalSection
	GlobalSection(ProjectConfigurationPlatforms) = postSolution
		{D0827552-1D66-47B9-8CF2-60DC0F7E7477}.Debug|Any CPU.ActiveCfg = Debug|Any CPU
		{D0827552-1D66-47B9-8CF2-60DC0F7E7477}.Debug|Any CPU.Build.0 = Debug|Any CPU
		{D0827552-1D66-47B9-8CF2-60DC0F7E7477}.Release|Any CPU.ActiveCfg = Release|Any CPU
		{D0827552-1D66-47B9-8CF2-60DC0F7E7477}.Release|Any CPU.Build.0 = Release|Any CPU
	EndGlobalSection
	GlobalSection(SolutionProperties) = preSolution
		HideSolutionNode = FALSE
	EndGlobalSection
	GlobalSection(ExtensibilityGlobals) = postSolution
		SolutionGuid = {0090FB59-A7B4-42A2-B7F4-D0CF79E6CECF}
	EndGlobalSection
EndGlobal
