
Microsoft Visual Studio Solution File, Format Version 12.00
# Visual Studio Version 16
VisualStudioVersion = 16.0.32106.194
MinimumVisualStudioVersion = 10.0.40219.1
Project("{FAE04EC0-301F-11D3-BF4B-00C04F79EFBC}") = "cv06", "cv06.csproj", "{36354861-7139-42C7-86DE-BEE579DFFBC2}"
EndProject
Global
	GlobalSection(SolutionConfigurationPlatforms) = preSolution
		Debug|Any CPU = Debug|Any CPU
		Release|Any CPU = Release|Any CPU
	EndGlobalSection
	GlobalSection(ProjectConfigurationPlatforms) = postSolution
		{36354861-7139-42C7-86DE-BEE579DFFBC2}.Debug|Any CPU.ActiveCfg = Debug|Any CPU
		{36354861-7139-42C7-86DE-BEE579DFFBC2}.Debug|Any CPU.Build.0 = Debug|Any CPU
		{36354861-7139-42C7-86DE-BEE579DFFBC2}.Release|Any CPU.ActiveCfg = Release|Any CPU
		{36354861-7139-42C7-86DE-BEE579DFFBC2}.Release|Any CPU.Build.0 = Release|Any CPU
	EndGlobalSection
	GlobalSection(SolutionProperties) = preSolution
		HideSolutionNode = FALSE
	EndGlobalSection
	GlobalSection(ExtensibilityGlobals) = postSolution
		SolutionGuid = {0DE74C0D-5481-4449-8071-D967912A14CD}
	EndGlobalSection
EndGlobal
